
Microsoft Visual Studio Solution File, Format Version 12.00
# Visual Studio Version 17
VisualStudioVersion = 17.0.31903.59
MinimumVisualStudioVersion = 10.0.40219.1
Project("{FAE04EC0-301F-11D3-BF4B-00C04F79EFBC}") = "jonybiz", "jonybiz.csproj", "{33E699F3-8C98-47E3-B71C-B2F872E8F841}"
EndProject
Global
	GlobalSection(SolutionConfigurationPlatforms) = preSolution
		Debug|Any CPU = Debug|Any CPU
		Release|Any CPU = Release|Any CPU
	EndGlobalSection
	GlobalSection(ProjectConfigurationPlatforms) = postSolution
		{33E699F3-8C98-47E3-B71C-B2F872E8F841}.Debug|Any CPU.ActiveCfg = Debug|Any CPU
		{33E699F3-8C98-47E3-B71C-B2F872E8F841}.Debug|Any CPU.Build.0 = Debug|Any CPU
		{33E699F3-8C98-47E3-B71C-B2F872E8F841}.Release|Any CPU.ActiveCfg = Release|Any CPU
		{33E699F3-8C98-47E3-B71C-B2F872E8F841}.Release|Any CPU.Build.0 = Release|Any CPU
	EndGlobalSection
	GlobalSection(SolutionProperties) = preSolution
		HideSolutionNode = FALSE
	EndGlobalSection
	GlobalSection(ExtensibilityGlobals) = postSolution
		SolutionGuid = {7747D9B6-A85B-43D8-AA69-745FBFD6A8AC}
	EndGlobalSection
EndGlobal
